
Microsoft Visual Studio Solution File, Format Version 12.00
# Visual Studio Version 17
VisualStudioVersion = 17.10.34916.146
MinimumVisualStudioVersion = 10.0.40219.1
Project("{9A19103F-16F7-4668-BE54-9A1E7A4F7556}") = "OM.API", "OM.API\OM.API.csproj", "{EC64362D-128B-42AF-902D-25A4FBE9D37F}"
EndProject
Project("{9A19103F-16F7-4668-BE54-9A1E7A4F7556}") = "OM.Business", "OM.Business\OM.Business.csproj", "{39590CB0-18CD-4ED6-8EFA-FBC36163DF2B}"
EndProject
Project("{2150E333-8FDC-42A3-9474-1A3956D46DE8}") = "1.Data", "1.Data", "{22A02A46-FAEA-473F-98C9-47E59395941C}"
EndProject
Project("{2150E333-8FDC-42A3-9474-1A3956D46DE8}") = "2.Business", "2.Business", "{9C2A5CDB-3480-4771-A7EE-1473049135D6}"
EndProject
Project("{2150E333-8FDC-42A3-9474-1A3956D46DE8}") = "3.Core", "3.Core", "{F13240C2-C749-461A-95B7-A03B8D3D4464}"
EndProject
Project("{2150E333-8FDC-42A3-9474-1A3956D46DE8}") = "4.Presentation", "4.Presentation", "{F47C5C3E-5ECF-4088-997B-75B71FC9406A}"
EndProject
Project("{9A19103F-16F7-4668-BE54-9A1E7A4F7556}") = "OM.Data", "OM.Data\OM.Data.csproj", "{E5AE31D5-BCE2-4759-B6DA-52D7153CF7C6}"
EndProject
Project("{FAE04EC0-301F-11D3-BF4B-00C04F79EFBC}") = "OM.Core", "OM.Core\OM.Core.csproj", "{1927F216-BC4F-422F-8B0C-FAB7528A8BFD}"
EndProject
Global
	GlobalSection(SolutionConfigurationPlatforms) = preSolution
		Debug|Any CPU = Debug|Any CPU
		Release|Any CPU = Release|Any CPU
	EndGlobalSection
	GlobalSection(ProjectConfigurationPlatforms) = postSolution
		{EC64362D-128B-42AF-902D-25A4FBE9D37F}.Debug|Any CPU.ActiveCfg = Debug|Any CPU
		{EC64362D-128B-42AF-902D-25A4FBE9D37F}.Debug|Any CPU.Build.0 = Debug|Any CPU
		{EC64362D-128B-42AF-902D-25A4FBE9D37F}.Release|Any CPU.ActiveCfg = Release|Any CPU
		{EC64362D-128B-42AF-902D-25A4FBE9D37F}.Release|Any CPU.Build.0 = Release|Any CPU
		{39590CB0-18CD-4ED6-8EFA-FBC36163DF2B}.Debug|Any CPU.ActiveCfg = Debug|Any CPU
		{39590CB0-18CD-4ED6-8EFA-FBC36163DF2B}.Debug|Any CPU.Build.0 = Debug|Any CPU
		{39590CB0-18CD-4ED6-8EFA-FBC36163DF2B}.Release|Any CPU.ActiveCfg = Release|Any CPU
		{39590CB0-18CD-4ED6-8EFA-FBC36163DF2B}.Release|Any CPU.Build.0 = Release|Any CPU
		{E5AE31D5-BCE2-4759-B6DA-52D7153CF7C6}.Debug|Any CPU.ActiveCfg = Debug|Any CPU
		{E5AE31D5-BCE2-4759-B6DA-52D7153CF7C6}.Debug|Any CPU.Build.0 = Debug|Any CPU
		{E5AE31D5-BCE2-4759-B6DA-52D7153CF7C6}.Release|Any CPU.ActiveCfg = Release|Any CPU
		{E5AE31D5-BCE2-4759-B6DA-52D7153CF7C6}.Release|Any CPU.Build.0 = Release|Any CPU
		{1927F216-BC4F-422F-8B0C-FAB7528A8BFD}.Debug|Any CPU.ActiveCfg = Debug|Any CPU
		{1927F216-BC4F-422F-8B0C-FAB7528A8BFD}.Debug|Any CPU.Build.0 = Debug|Any CPU
		{1927F216-BC4F-422F-8B0C-FAB7528A8BFD}.Release|Any CPU.ActiveCfg = Release|Any CPU
		{1927F216-BC4F-422F-8B0C-FAB7528A8BFD}.Release|Any CPU.Build.0 = Release|Any CPU
	EndGlobalSection
	GlobalSection(SolutionProperties) = preSolution
		HideSolutionNode = FALSE
	EndGlobalSection
	GlobalSection(NestedProjects) = preSolution
		{EC64362D-128B-42AF-902D-25A4FBE9D37F} = {F47C5C3E-5ECF-4088-997B-75B71FC9406A}
		{39590CB0-18CD-4ED6-8EFA-FBC36163DF2B} = {9C2A5CDB-3480-4771-A7EE-1473049135D6}
		{E5AE31D5-BCE2-4759-B6DA-52D7153CF7C6} = {22A02A46-FAEA-473F-98C9-47E59395941C}
		{1927F216-BC4F-422F-8B0C-FAB7528A8BFD} = {F13240C2-C749-461A-95B7-A03B8D3D4464}
	EndGlobalSection
	GlobalSection(ExtensibilityGlobals) = postSolution
		SolutionGuid = {7691D768-E040-40D5-8CBC-A0090F7D3741}
	EndGlobalSection
EndGlobal
